
Microsoft Visual Studio Solution File, Format Version 12.00
# Visual Studio 2015
Project("{FAE04EC0-301F-11D3-BF4B-00C04F79EFBC}") = "LightEmUp", "LightEmUp.csproj", "{FDC88373-6B94-A873-C070-444C555DCC53}"
EndProject
Global
	GlobalSection(SolutionConfigurationPlatforms) = preSolution
		Debug|Any CPU = Debug|Any CPU
		Release|Any CPU = Release|Any CPU
	EndGlobalSection
	GlobalSection(ProjectConfigurationPlatforms) = postSolution
		{FDC88373-6B94-A873-C070-444C555DCC53}.Debug|Any CPU.ActiveCfg = Debug|Any CPU
		{FDC88373-6B94-A873-C070-444C555DCC53}.Debug|Any CPU.Build.0 = Debug|Any CPU
		{FDC88373-6B94-A873-C070-444C555DCC53}.Release|Any CPU.ActiveCfg = Release|Any CPU
		{FDC88373-6B94-A873-C070-444C555DCC53}.Release|Any CPU.Build.0 = Release|Any CPU
	EndGlobalSection
	GlobalSection(SolutionProperties) = preSolution
		HideSolutionNode = FALSE
	EndGlobalSection
EndGlobal
